{
  "name": "wled",
  "version": "0.0.0",
  "lockfileVersion": 1,
  "requires": true,
  "dependencies": {
    "prettier": {
      "version": "2.7.0",
      "resolved": "https://registry.npmjs.org/prettier/-/prettier-2.7.0.tgz",
      "integrity": "sha512-nwoX4GMFgxoPC6diHvSwmK/4yU8FFH3V8XWtLQrbj4IBsK2pkYhG4kf/ljF/haaZ/aii+wNJqISrCDPgxGWDVQ==",
      "dev": true
    },
    "pyright": {
      "version": "1.1.254",
      "resolved": "https://registry.npmjs.org/pyright/-/pyright-1.1.254.tgz",
      "integrity": "sha512-YDbIqr55EkwRCFSVjWxj8KOwBTMVK1U3HLLdqp+W3n+88S31YbRERrCni9izmtt5i4wnuhf7oRI/9K8KwLxmgQ==",
      "dev": true
    }
  }
}
