{
  "name": "wled",
  "version": "0.0.0",
  "lockfileVersion": 1,
  "requires": true,
  "dependencies": {
    "prettier": {
      "version": "2.4.1",
      "resolved": "https://registry.npmjs.org/prettier/-/prettier-2.4.1.tgz",
      "integrity": "sha512-9fbDAXSBcc6Bs1mZrDYb3XKzDLm4EXXL9sC1LqKP5rZkT6KRr/rf9amVUcODVXgguK/isJz0d0hP72WeaKWsvA==",
      "dev": true
    },
    "pyright": {
      "version": "1.1.180",
      "resolved": "https://registry.npmjs.org/pyright/-/pyright-1.1.180.tgz",
      "integrity": "sha512-jWAvBBpBhdTEUWSaY1cS5dFJys2bR61GKYhCpWmlR/FZ7+zJYVWwsEnE+lXk7iwJ7NrNSlK2+cHiYkN+s5P7sQ==",
      "dev": true
    }
  }
}
