{
  "name": "wled",
  "version": "0.0.0",
  "lockfileVersion": 1,
  "requires": true,
  "dependencies": {
    "prettier": {
      "version": "2.3.2",
      "resolved": "https://registry.npmjs.org/prettier/-/prettier-2.3.2.tgz",
      "integrity": "sha512-lnJzDfJ66zkMy58OL5/NY5zp70S7Nz6KqcKkXYzn2tMVrNxvbqaBpg7H3qHaLxCJ5lNMsGuM8+ohS7cZrthdLQ==",
      "dev": true
    },
    "pyright": {
      "version": "1.1.166",
      "resolved": "https://registry.npmjs.org/pyright/-/pyright-1.1.166.tgz",
      "integrity": "sha512-mO+iPT2dhHzlplAV3iKE6u4gUstGZxxLyMSRd1PKZqWhwhTCCGjn3/7VqbAwUt4fuhY8g0V+SAsu+MPT4H3FvQ==",
      "dev": true
    }
  }
}
